
Microsoft Visual Studio Solution File, Format Version 12.00
# Visual Studio Version 16
VisualStudioVersion = 16.0.29709.97
MinimumVisualStudioVersion = 10.0.40219.1
Project("{FAE04EC0-301F-11D3-BF4B-00C04F79EFBC}") = "GeekJokeFetcher", "GeekJokeFetcher.csproj", "{7997F6E3-7FD5-41AB-96B1-689C683F9008}"
EndProject
Global
	GlobalSection(SolutionConfigurationPlatforms) = preSolution
		Debug|Any CPU = Debug|Any CPU
		Release|Any CPU = Release|Any CPU
	EndGlobalSection
	GlobalSection(ProjectConfigurationPlatforms) = postSolution
		{7997F6E3-7FD5-41AB-96B1-689C683F9008}.Debug|Any CPU.ActiveCfg = Debug|Any CPU
		{7997F6E3-7FD5-41AB-96B1-689C683F9008}.Debug|Any CPU.Build.0 = Debug|Any CPU
		{7997F6E3-7FD5-41AB-96B1-689C683F9008}.Release|Any CPU.ActiveCfg = Release|Any CPU
		{7997F6E3-7FD5-41AB-96B1-689C683F9008}.Release|Any CPU.Build.0 = Release|Any CPU
	EndGlobalSection
	GlobalSection(SolutionProperties) = preSolution
		HideSolutionNode = FALSE
	EndGlobalSection
	GlobalSection(ExtensibilityGlobals) = postSolution
		SolutionGuid = {C191E67E-E266-4B5B-9F4A-3DC4D9F21654}
	EndGlobalSection
EndGlobal
